
Microsoft Visual Studio Solution File, Format Version 12.00
# Visual Studio Version 17
VisualStudioVersion = 17.2.32526.322
MinimumVisualStudioVersion = 10.0.40219.1
Project("{FAE04EC0-301F-11D3-BF4B-00C04F79EFBC}") = "WantApi", "WantApi.csproj", "{F38E982A-3254-49E7-AC93-BD31A9AE1EA1}"
EndProject
Global
	GlobalSection(SolutionConfigurationPlatforms) = preSolution
		Debug|Any CPU = Debug|Any CPU
		Release|Any CPU = Release|Any CPU
	EndGlobalSection
	GlobalSection(ProjectConfigurationPlatforms) = postSolution
		{F38E982A-3254-49E7-AC93-BD31A9AE1EA1}.Debug|Any CPU.ActiveCfg = Debug|Any CPU
		{F38E982A-3254-49E7-AC93-BD31A9AE1EA1}.Debug|Any CPU.Build.0 = Debug|Any CPU
		{F38E982A-3254-49E7-AC93-BD31A9AE1EA1}.Release|Any CPU.ActiveCfg = Release|Any CPU
		{F38E982A-3254-49E7-AC93-BD31A9AE1EA1}.Release|Any CPU.Build.0 = Release|Any CPU
	EndGlobalSection
	GlobalSection(SolutionProperties) = preSolution
		HideSolutionNode = FALSE
	EndGlobalSection
	GlobalSection(ExtensibilityGlobals) = postSolution
		SolutionGuid = {329E95F2-8822-4AEC-8828-F5279599BDF7}
	EndGlobalSection
EndGlobal
